// !$*UTF8*$!
{
	archiveVersion = 1;
	classes = {
	};
	objectVersion = 48;
	objects = {

/* Begin PBXBuildFile section */
		13AC354E200E49B600BF346C /* AppDelegate.swift in Sources */ = {isa = PBXBuildFile; fileRef = 13AC354D200E49B600BF346C /* AppDelegate.swift */; };
		13AC3550200E49B600BF346C /* ViewController.swift in Sources */ = {isa = PBXBuildFile; fileRef = 13AC354F200E49B600BF346C /* ViewController.swift */; };
		13AC3553200E49B600BF346C /* Main.storyboard in Resources */ = {isa = PBXBuildFile; fileRef = 13AC3551200E49B600BF346C /* Main.storyboard */; };
		13AC3555200E49B600BF346C /* Assets.xcassets in Resources */ = {isa = PBXBuildFile; fileRef = 13AC3554200E49B600BF346C /* Assets.xcassets */; };
		13AC3558200E49B600BF346C /* LaunchScreen.storyboard in Resources */ = {isa = PBXBuildFile; fileRef = 13AC3556200E49B600BF346C /* LaunchScreen.storyboard */; };
/* End PBXBuildFile section */

/* Begin PBXFileReference section */
		13AC354A200E49B600BF346C /* 02_Hello_MLR_SUN.app */ = {isa = PBXFileReference; explicitFileType = wrapper.application; includeInIndex = 0; path = 02_Hello_MLR_SUN.app; sourceTree = BUILT_PRODUCTS_DIR; };
		13AC354D200E49B600BF346C /* AppDelegate.swift */ = {isa = PBXFileReference; lastKnownFileType = sourcecode.swift; path = AppDelegate.swift; sourceTree = "<group>"; };
		13AC354F200E49B600BF346C /* ViewController.swift */ = {isa = PBXFileReference; lastKnownFileType = sourcecode.swift; path = ViewController.swift; sourceTree = "<group>"; };
		13AC3552200E49B600BF346C /* Base */ = {isa = PBXFileReference; lastKnownFileType = file.storyboard; name = Base; path = Base.lproj/Main.storyboard; sourceTree = "<group>"; };
		13AC3554200E49B600BF346C /* Assets.xcassets */ = {isa = PBXFileReference; lastKnownFileType = folder.assetcatalog; path = Assets.xcassets; sourceTree = "<group>"; };
		13AC3557200E49B600BF346C /* Base */ = {isa = PBXFileReference; lastKnownFileType = file.storyboard; name = Base; path = Base.lproj/LaunchScreen.storyboard; sourceTree = "<group>"; };
		13AC3559200E49B600BF346C /* Info.plist */ = {isa = PBXFileReference; lastKnownFileType = text.plist.xml; path = Info.plist; sourceTree = "<group>"; };
/* End PBXFileReference section */

/* Begin PBXFrameworksBuildPhase section */
		13AC3547200E49B600BF346C /* Frameworks */ = {
			isa = PBXFrameworksBuildPhase;
			buildActionMask = 2147483647;
			files = (
			);
			runOnlyForDeploymentPostprocessing = 0;
		};
/* End PBXFrameworksBuildPhase section */

/* Begin PBXGroup section */
		13AC3541200E49B500BF346C = {
			isa = PBXGroup;
			children = (
				13AC354C200E49B600BF346C /* 02_Hello_MLR_SUN */,
				13AC354B200E49B600BF346C /* Products */,
			);
			sourceTree = "<group>";
		};
		13AC354B200E49B600BF346C /* Products */ = {
			isa = PBXGroup;
			children = (
				13AC354A200E49B600BF346C /* 02_Hello_MLR_SUN.app */,
			);
			name = Products;
			sourceTree = "<group>";
		};
		13AC354C200E49B600BF346C /* 02_Hello_MLR_SUN */ = {
			isa = PBXGroup;
			children = (
				13AC354D200E49B600BF346C /* AppDelegate.swift */,
				13AC354F200E49B600BF346C /* ViewController.swift */,
				13AC3551200E49B600BF346C /* Main.storyboard */,
				13AC3554200E49B600BF346C /* Assets.xcassets */,
				13AC3556200E49B600BF346C /* LaunchScreen.storyboard */,
				13AC3559200E49B600BF346C /* Info.plist */,
			);
			path = 02_Hello_MLR_SUN;
			sourceTree = "<group>";
		};
/* End PBXGroup section */

/* Begin PBXNativeTarget section */
		13AC3549200E49B600BF346C /* 02_Hello_MLR_SUN */ = {
			isa = PBXNativeTarget;
			buildConfigurationList = 13AC355C200E49B600BF346C /* Build configuration list for PBXNativeTarget "02_Hello_MLR_SUN" */;
			buildPhases = (
				13AC3546200E49B600BF346C /* Sources */,
				13AC3547200E49B600BF346C /* Frameworks */,
				13AC3548200E49B600BF346C /* Resources */,
			);
			buildRules = (
			);
			dependencies = (
			);
			name = 02_Hello_MLR_SUN;
			productName = 02_Hello_MLR_SUN;
			productReference = 13AC354A200E49B600BF346C /* 02_Hello_MLR_SUN.app */;
			productType = "com.apple.product-type.application";
		};
/* End PBXNativeTarget section */

/* Begin PBXProject section */
		13AC3542200E49B500BF346C /* Project object */ = {
			isa = PBXProject;
			attributes = {
				LastSwiftUpdateCheck = 0920;
				LastUpgradeCheck = 0920;
				ORGANIZATIONNAME = MLR;
				TargetAttributes = {
					13AC3549200E49B600BF346C = {
						CreatedOnToolsVersion = 9.2;
						ProvisioningStyle = Automatic;
					};
				};
			};
			buildConfigurationList = 13AC3545200E49B500BF346C /* Build configuration list for PBXProject "02_Hello_MLR_SUN" */;
			compatibilityVersion = "Xcode 8.0";
			developmentRegion = en;
			hasScannedForEncodings = 0;
			knownRegions = (
				en,
				Base,
			);
			mainGroup = 13AC3541200E49B500BF346C;
			productRefGroup = 13AC354B200E49B600BF346C /* Products */;
			projectDirPath = "";
			projectRoot = "";
			targets = (
				13AC3549200E49B600BF346C /* 02_Hello_MLR_SUN */,
			);
		};
/* End PBXProject section */

/* Begin PBXResourcesBuildPhase section */
		13AC3548200E49B600BF346C /* Resources */ = {
			isa = PBXResourcesBuildPhase;
			buildActionMask = 2147483647;
			files = (
				13AC3558200E49B600BF346C /* LaunchScreen.storyboard in Resources */,
				13AC3555200E49B600BF346C /* Assets.xcassets in Resources */,
				13AC3553200E49B600BF346C /* Main.storyboard in Resources */,
			);
			runOnlyForDeploymentPostprocessing = 0;
		};
/* End PBXResourcesBuildPhase section */

/* Begin PBXSourcesBuildPhase section */
		13AC3546200E49B600BF346C /* Sources */ = {
			isa = PBXSourcesBuildPhase;
			buildActionMask = 2147483647;
			files = (
				13AC3550200E49B600BF346C /* ViewController.swift in Sources */,
				13AC354E200E49B600BF346C /* AppDelegate.swift in Sources */,
			);
			runOnlyForDeploymentPostprocessing = 0;
		};
/* End PBXSourcesBuildPhase section */

/* Begin PBXVariantGroup section */
		13AC3551200E49B600BF346C /* Main.storyboard */ = {
			isa = PBXVariantGroup;
			children = (
				13AC3552200E49B600BF346C /* Base */,
			);
			name = Main.storyboard;
			sourceTree = "<group>";
		};
		13AC3556200E49B600BF346C /* LaunchScreen.storyboard */ = {
			isa = PBXVariantGroup;
			children = (
				13AC3557200E49B600BF346C /* Base */,
			);
			name = LaunchScreen.storyboard;
			sourceTree = "<group>";
		};
/* End PBXVariantGroup section */

/* Begin XCBuildConfiguration section */
		13AC355A200E49B600BF346C /* Debug */ = {
			isa = XCBuildConfiguration;
			buildSettings = {
				ALWAYS_SEARCH_USER_PATHS = NO;
				CLANG_ANALYZER_NONNULL = YES;
				CLANG_ANALYZER_NUMBER_OBJECT_CONVERSION = YES_AGGRESSIVE;
				CLANG_CXX_LANGUAGE_STANDARD = "gnu++14";
				CLANG_CXX_LIBRARY = "libc++";
				CLANG_ENABLE_MODULES = YES;
				CLANG_ENABLE_OBJC_ARC = YES;
				CLANG_WARN_BLOCK_CAPTURE_AUTORELEASING = YES;
				CLANG_WARN_BOOL_CONVERSION = YES;
				CLANG_WARN_COMMA = YES;
				CLANG_WARN_CONSTANT_CONVERSION = YES;
				CLANG_WARN_DIRECT_OBJC_ISA_USAGE = YES_ERROR;
				CLANG_WARN_DOCUMENTATION_COMMENTS = YES;
				CLANG_WARN_EMPTY_BODY = YES;
				CLANG_WARN_ENUM_CONVERSION = YES;
				CLANG_WARN_INFINITE_RECURSION = YES;
				CLANG_WARN_INT_CONVERSION = YES;
				CLANG_WARN_NON_LITERAL_NULL_CONVERSION = YES;
				CLANG_WARN_OBJC_LITERAL_CONVERSION = YES;
				CLANG_WARN_OBJC_ROOT_CLASS = YES_ERROR;
				CLANG_WARN_RANGE_LOOP_ANALYSIS = YES;
				CLANG_WARN_STRICT_PROTOTYPES = YES;
				CLANG_WARN_SUSPICIOUS_MOVE = YES;
				CLANG_WARN_UNGUARDED_AVAILABILITY = YES_AGGRESSIVE;
				CLANG_WARN_UNREACHABLE_CODE = YES;
				CLANG_WARN__DUPLICATE_METHOD_MATCH = YES;
				CODE_SIGN_IDENTITY = "iPhone Developer";
				COPY_PHASE_STRIP = NO;
				DEBUG_INFORMATION_FORMAT = dwarf;
				ENABLE_STRICT_OBJC_MSGSEND = YES;
				ENABLE_TESTABILITY = YES;
				GCC_C_LANGUAGE_STANDARD = gnu11;
				GCC_DYNAMIC_NO_PIC = NO;
				GCC_NO_COMMON_BLOCKS = YES;
				GCC_OPTIMIZATION_LEVEL = 0;
				GCC_PREPROCESSOR_DEFINITIONS = (
					"DEBUG=1",
					"$(inherited)",
				);
				GCC_WARN_64_TO_32_BIT_CONVERSION = YES;
				GCC_WARN_ABOUT_RETURN_TYPE = YES_ERROR;
				GCC_WARN_UNDECLARED_SELECTOR = YES;
				GCC_WARN_UNINITIALIZED_AUTOS = YES_AGGRESSIVE;
				GCC_WARN_UNUSED_FUNCTION = YES;
				GCC_WARN_UNUSED_VARIABLE = YES;
				IPHONEOS_DEPLOYMENT_TARGET = 11.2;
				MTL_ENABLE_DEBUG_INFO = YES;
				ONLY_ACTIVE_ARCH = YES;
				SDKROOT = iphoneos;
				SWIFT_ACTIVE_COMPILATION_CONDITIONS = DEBUG;
				SWIFT_OPTIMIZATION_LEVEL = "-Onone";
			};
			name = Debug;
		};
		13AC355B200E49B600BF346C /* Release */ = {
			isa = XCBuildConfiguration;
			buildSettings = {
				ALWAYS_SEARCH_USER_PATHS = NO;
				CLANG_ANALYZER_NONNULL = YES;
				CLANG_ANALYZER_NUMBER_OBJECT_CONVERSION = YES_AGGRESSIVE;
				CLANG_CXX_LANGUAGE_STANDARD = "gnu++14";
				CLANG_CXX_LIBRARY = "libc++";
				CLANG_ENABLE_MODULES = YES;
				CLANG_ENABLE_OBJC_ARC = YES;
				CLANG_WARN_BLOCK_CAPTURE_AUTORELEASING = YES;
				CLANG_WARN_BOOL_CONVERSION = YES;
				CLANG_WARN_COMMA = YES;
				CLANG_WARN_CONSTANT_CONVERSION = YES;
				CLANG_WARN_DIRECT_OBJC_ISA_USAGE = YES_ERROR;
				CLANG_WARN_DOCUMENTATION_COMMENTS = YES;
				CLANG_WARN_EMPTY_BODY = YES;
				CLANG_WARN_ENUM_CONVERSION = YES;
				CLANG_WARN_INFINITE_RECURSION = YES;
				CLANG_WARN_INT_CONVERSION = YES;
				CLANG_WARN_NON_LITERAL_NULL_CONVERSION = YES;
				CLANG_WARN_OBJC_LITERAL_CONVERSION = YES;
				CLANG_WARN_OBJC_ROOT_CLASS = YES_ERROR;
				CLANG_WARN_RANGE_LOOP_ANALYSIS = YES;
				CLANG_WARN_STRICT_PROTOTYPES = YES;
				CLANG_WARN_SUSPICIOUS_MOVE = YES;
				CLANG_WARN_UNGUARDED_AVAILABILITY = YES_AGGRESSIVE;
				CLANG_WARN_UNREACHABLE_CODE = YES;
				CLANG_WARN__DUPLICATE_METHOD_MATCH = YES;
				CODE_SIGN_IDENTITY = "iPhone Developer";
				COPY_PHASE_STRIP = NO;
				DEBUG_INFORMATION_FORMAT = "dwarf-with-dsym";
				ENABLE_NS_ASSERTIONS = NO;
				ENABLE_STRICT_OBJC_MSGSEND = YES;
				GCC_C_LANGUAGE_STANDARD = gnu11;
				GCC_NO_COMMON_BLOCKS = YES;
				GCC_WARN_64_TO_32_BIT_CONVERSION = YES;
				GCC_WARN_ABOUT_RETURN_TYPE = YES_ERROR;
				GCC_WARN_UNDECLARED_SELECTOR = YES;
				GCC_WARN_UNINITIALIZED_AUTOS = YES_AGGRESSIVE;
				GCC_WARN_UNUSED_FUNCTION = YES;
				GCC_WARN_UNUSED_VARIABLE = YES;
				IPHONEOS_DEPLOYMENT_TARGET = 11.2;
				MTL_ENABLE_DEBUG_INFO = NO;
				SDKROOT = iphoneos;
				SWIFT_OPTIMIZATION_LEVEL = "-Owholemodule";
				VALIDATE_PRODUCT = YES;
			};
			name = Release;
		};
		13AC355D200E49B600BF346C /* Debug */ = {
			isa = XCBuildConfiguration;
			buildSettings = {
				ASSETCATALOG_COMPILER_APPICON_NAME = AppIcon;
				CODE_SIGN_STYLE = Automatic;
				INFOPLIST_FILE = 02_Hello_MLR_SUN/Info.plist;
				LD_RUNPATH_SEARCH_PATHS = "$(inherited) @executable_path/Frameworks";
				PRODUCT_BUNDLE_IDENTIFIER = "com.MLR.-2-Hello-MLR-SUN";
				PRODUCT_NAME = "$(TARGET_NAME)";
				SWIFT_VERSION = 4.0;
				TARGETED_DEVICE_FAMILY = "1,2";
			};
			name = Debug;
		};
		13AC355E200E49B600BF346C /* Release */ = {
			isa = XCBuildConfiguration;
			buildSettings = {
				ASSETCATALOG_COMPILER_APPICON_NAME = AppIcon;
				CODE_SIGN_STYLE = Automatic;
				INFOPLIST_FILE = 02_Hello_MLR_SUN/Info.plist;
				LD_RUNPATH_SEARCH_PATHS = "$(inherited) @executable_path/Frameworks";
				PRODUCT_BUNDLE_IDENTIFIER = "com.MLR.-2-Hello-MLR-SUN";
				PRODUCT_NAME = "$(TARGET_NAME)";
				SWIFT_VERSION = 4.0;
				TARGETED_DEVICE_FAMILY = "1,2";
			};
			name = Release;
		};
/* End XCBuildConfiguration section */

/* Begin XCConfigurationList section */
		13AC3545200E49B500BF346C /* Build configuration list for PBXProject "02_Hello_MLR_SUN" */ = {
			isa = XCConfigurationList;
			buildConfigurations = (
				13AC355A200E49B600BF346C /* Debug */,
				13AC355B200E49B600BF346C /* Release */,
			);
			defaultConfigurationIsVisible = 0;
			defaultConfigurationName = Release;
		};
		13AC355C200E49B600BF346C /* Build configuration list for PBXNativeTarget "02_Hello_MLR_SUN" */ = {
			isa = XCConfigurationList;
			buildConfigurations = (
				13AC355D200E49B600BF346C /* Debug */,
				13AC355E200E49B600BF346C /* Release */,
			);
			defaultConfigurationIsVisible = 0;
			defaultConfigurationName = Release;
		};
/* End XCConfigurationList section */
	};
	rootObject = 13AC3542200E49B500BF346C /* Project object */;
}
